
Microsoft Visual Studio Solution File, Format Version 12.00
# Visual Studio Version 17
VisualStudioVersion = 17.0.31612.314
MinimumVisualStudioVersion = 10.0.40219.1
Project("{9A19103F-16F7-4668-BE54-9A1E7A4F7556}") = "SimpleTCP", "SimpleTCP.csproj", "{AB6FAE86-B6CF-4FF1-876B-A02B8C1EE755}"
EndProject
Project("{FAE04EC0-301F-11D3-BF4B-00C04F79EFBC}") = "TCPChatExample", "..\TCPChatExample\TCPChatExample.csproj", "{694171E6-6A08-49B8-A8F6-8A577EA064F4}"
EndProject
Global
	GlobalSection(SolutionConfigurationPlatforms) = preSolution
		Debug|Any CPU = Debug|Any CPU
		Release|Any CPU = Release|Any CPU
	EndGlobalSection
	GlobalSection(ProjectConfigurationPlatforms) = postSolution
		{AB6FAE86-B6CF-4FF1-876B-A02B8C1EE755}.Debug|Any CPU.ActiveCfg = Debug|Any CPU
		{AB6FAE86-B6CF-4FF1-876B-A02B8C1EE755}.Debug|Any CPU.Build.0 = Debug|Any CPU
		{AB6FAE86-B6CF-4FF1-876B-A02B8C1EE755}.Release|Any CPU.ActiveCfg = Release|Any CPU
		{AB6FAE86-B6CF-4FF1-876B-A02B8C1EE755}.Release|Any CPU.Build.0 = Release|Any CPU
		{694171E6-6A08-49B8-A8F6-8A577EA064F4}.Debug|Any CPU.ActiveCfg = Debug|Any CPU
		{694171E6-6A08-49B8-A8F6-8A577EA064F4}.Debug|Any CPU.Build.0 = Debug|Any CPU
		{694171E6-6A08-49B8-A8F6-8A577EA064F4}.Release|Any CPU.ActiveCfg = Release|Any CPU
		{694171E6-6A08-49B8-A8F6-8A577EA064F4}.Release|Any CPU.Build.0 = Release|Any CPU
	EndGlobalSection
	GlobalSection(SolutionProperties) = preSolution
		HideSolutionNode = FALSE
	EndGlobalSection
	GlobalSection(ExtensibilityGlobals) = postSolution
		SolutionGuid = {6A78E89C-8F22-4711-BB61-BC1309A9849B}
	EndGlobalSection
EndGlobal
